
Microsoft Visual Studio Solution File, Format Version 12.00
# Visual Studio Version 16
VisualStudioVersion = 16.0.29403.142
MinimumVisualStudioVersion = 10.0.40219.1
Project("{FAE04EC0-301F-11D3-BF4B-00C04F79EFBC}") = "StaffMyAss", "StaffMyAss\StaffMyAss.csproj", "{68583788-E1A6-4892-B0C6-4CFE34952146}"
EndProject
Global
	GlobalSection(SolutionConfigurationPlatforms) = preSolution
		Debug|Any CPU = Debug|Any CPU
		Release|Any CPU = Release|Any CPU
	EndGlobalSection
	GlobalSection(ProjectConfigurationPlatforms) = postSolution
		{68583788-E1A6-4892-B0C6-4CFE34952146}.Debug|Any CPU.ActiveCfg = Debug|Any CPU
		{68583788-E1A6-4892-B0C6-4CFE34952146}.Debug|Any CPU.Build.0 = Debug|Any CPU
		{68583788-E1A6-4892-B0C6-4CFE34952146}.Release|Any CPU.ActiveCfg = Release|Any CPU
		{68583788-E1A6-4892-B0C6-4CFE34952146}.Release|Any CPU.Build.0 = Release|Any CPU
	EndGlobalSection
	GlobalSection(SolutionProperties) = preSolution
		HideSolutionNode = FALSE
	EndGlobalSection
	GlobalSection(ExtensibilityGlobals) = postSolution
		SolutionGuid = {27D087A4-298F-49A3-BE41-9B26BAAF92DE}
	EndGlobalSection
EndGlobal
